
Microsoft Visual Studio Solution File, Format Version 12.00
# Visual Studio Version 16
VisualStudioVersion = 16.0.31205.134
MinimumVisualStudioVersion = 10.0.40219.1
Project("{FAE04EC0-301F-11D3-BF4B-00C04F79EFBC}") = "ensyu0513", "ensyu0513\ensyu0513.csproj", "{097E91AE-2F2C-4FAA-93B8-9DCDDAAA5D95}"
EndProject
Global
	GlobalSection(SolutionConfigurationPlatforms) = preSolution
		Debug|Any CPU = Debug|Any CPU
		Release|Any CPU = Release|Any CPU
	EndGlobalSection
	GlobalSection(ProjectConfigurationPlatforms) = postSolution
		{097E91AE-2F2C-4FAA-93B8-9DCDDAAA5D95}.Debug|Any CPU.ActiveCfg = Debug|Any CPU
		{097E91AE-2F2C-4FAA-93B8-9DCDDAAA5D95}.Debug|Any CPU.Build.0 = Debug|Any CPU
		{097E91AE-2F2C-4FAA-93B8-9DCDDAAA5D95}.Release|Any CPU.ActiveCfg = Release|Any CPU
		{097E91AE-2F2C-4FAA-93B8-9DCDDAAA5D95}.Release|Any CPU.Build.0 = Release|Any CPU
	EndGlobalSection
	GlobalSection(SolutionProperties) = preSolution
		HideSolutionNode = FALSE
	EndGlobalSection
	GlobalSection(ExtensibilityGlobals) = postSolution
		SolutionGuid = {4EB446EF-9BA3-42E8-A0EB-3509B3D4B60D}
	EndGlobalSection
EndGlobal
